{
  "name": "sools-express-session",
  "version": "1.0.0",
  "lockfileVersion": 3,
  "requires": true,
  "packages": {
    "": {
      "name": "sools-express-session",
      "version": "1.0.0",
      "license": "ISC",
      "dependencies": {
        "sools-core-server": "^1.19.0"
      }
    },
    "node_modules/moment": {
      "version": "2.30.1",
      "resolved": "https://registry.npmjs.org/moment/-/moment-2.30.1.tgz",
      "integrity": "sha512-uEmtNhbDOrWPFS+hdjFCBfy9f2YoyzRpwcl+DqpC6taX21FzsTLQVbMV/W7PzNSX6x/bhC1zA3c2UQ5NzH6how==",
      "engines": {
        "node": "*"
      }
    },
    "node_modules/sools-core-server": {
      "version": "1.19.0",
      "resolved": "https://registry.npmjs.org/sools-core-server/-/sools-core-server-1.19.0.tgz",
      "integrity": "sha512-f5ulIefmV5oKl+gebLxmNs+LM/fcGrYpruaOz40myc0ONTYer8DK2djaUqgNuUSUPDQjwG1uZE6IyAHh5PZ1OA==",
      "dependencies": {
        "moment": "^2.30.1"
      }
    }
  }
}
